
Microsoft Visual Studio Solution File, Format Version 11.00
# Visual Studio 2010
Project("{FAE04EC0-301F-11D3-BF4B-00C04F79EFBC}") = "ConsoleTestProgram", "ConsoleTestProgram\ConsoleTestProgram.csproj", "{4FE1BCCA-54DD-4E8A-89A4-3B7C05F81D3F}"
EndProject
Project("{2150E333-8FDC-42A3-9474-1A3956D46DE8}") = "Solution Items", "Solution Items", "{99B56C53-7AEC-4476-B926-2684ED1204ED}"
EndProject
Project("{FAE04EC0-301F-11D3-BF4B-00C04F79EFBC}") = "GOAP", "GOAP\GOAP.csproj", "{108D4A01-2955-4AD4-942E-8B655D03B175}"
EndProject
Global
	GlobalSection(SolutionConfigurationPlatforms) = preSolution
		Debug|Any CPU = Debug|Any CPU
		Debug|Mixed Platforms = Debug|Mixed Platforms
		Debug|x86 = Debug|x86
		Release|Any CPU = Release|Any CPU
		Release|Mixed Platforms = Release|Mixed Platforms
		Release|x86 = Release|x86
	EndGlobalSection
	GlobalSection(ProjectConfigurationPlatforms) = postSolution
		{4FE1BCCA-54DD-4E8A-89A4-3B7C05F81D3F}.Debug|Any CPU.ActiveCfg = Debug|x86
		{4FE1BCCA-54DD-4E8A-89A4-3B7C05F81D3F}.Debug|Mixed Platforms.ActiveCfg = Debug|x86
		{4FE1BCCA-54DD-4E8A-89A4-3B7C05F81D3F}.Debug|Mixed Platforms.Build.0 = Debug|x86
		{4FE1BCCA-54DD-4E8A-89A4-3B7C05F81D3F}.Debug|x86.ActiveCfg = Debug|x86
		{4FE1BCCA-54DD-4E8A-89A4-3B7C05F81D3F}.Debug|x86.Build.0 = Debug|x86
		{4FE1BCCA-54DD-4E8A-89A4-3B7C05F81D3F}.Release|Any CPU.ActiveCfg = Release|x86
		{4FE1BCCA-54DD-4E8A-89A4-3B7C05F81D3F}.Release|Mixed Platforms.ActiveCfg = Release|x86
		{4FE1BCCA-54DD-4E8A-89A4-3B7C05F81D3F}.Release|Mixed Platforms.Build.0 = Release|x86
		{4FE1BCCA-54DD-4E8A-89A4-3B7C05F81D3F}.Release|x86.ActiveCfg = Release|x86
		{4FE1BCCA-54DD-4E8A-89A4-3B7C05F81D3F}.Release|x86.Build.0 = Release|x86
		{108D4A01-2955-4AD4-942E-8B655D03B175}.Debug|Any CPU.ActiveCfg = Debug|Any CPU
		{108D4A01-2955-4AD4-942E-8B655D03B175}.Debug|Any CPU.Build.0 = Debug|Any CPU
		{108D4A01-2955-4AD4-942E-8B655D03B175}.Debug|Mixed Platforms.ActiveCfg = Debug|Any CPU
		{108D4A01-2955-4AD4-942E-8B655D03B175}.Debug|Mixed Platforms.Build.0 = Debug|Any CPU
		{108D4A01-2955-4AD4-942E-8B655D03B175}.Debug|x86.ActiveCfg = Debug|Any CPU
		{108D4A01-2955-4AD4-942E-8B655D03B175}.Release|Any CPU.ActiveCfg = Release|Any CPU
		{108D4A01-2955-4AD4-942E-8B655D03B175}.Release|Any CPU.Build.0 = Release|Any CPU
		{108D4A01-2955-4AD4-942E-8B655D03B175}.Release|Mixed Platforms.ActiveCfg = Release|Any CPU
		{108D4A01-2955-4AD4-942E-8B655D03B175}.Release|Mixed Platforms.Build.0 = Release|Any CPU
		{108D4A01-2955-4AD4-942E-8B655D03B175}.Release|x86.ActiveCfg = Release|Any CPU
	EndGlobalSection
	GlobalSection(SolutionProperties) = preSolution
		HideSolutionNode = FALSE
	EndGlobalSection
EndGlobal
